
Microsoft Visual Studio Solution File, Format Version 12.00
# Visual Studio 15
VisualStudioVersion = 15.0.26124.0
MinimumVisualStudioVersion = 15.0.26124.0
Project("{FAE04EC0-301F-11D3-BF4B-00C04F79EFBC}") = "RelicAbyssChestInteractionPriority", "RelicAbyssChestInteractionPriority\RelicAbyssChestInteractionPriority.csproj", "{5B5F0335-FCBA-4A62-BE29-97599C4ACDA8}"
EndProject
Project("{FAE04EC0-301F-11D3-BF4B-00C04F79EFBC}") = "RelicAbyssDeferredAdvancementShrine", "RelicAbyssDeferredAdvancementShrine\RelicAbyssDeferredAdvancementShrine.csproj", "{DF6DC98D-340F-4184-82E1-DFD6BC8F44B2}"
EndProject
Project("{FAE04EC0-301F-11D3-BF4B-00C04F79EFBC}") = "RelicAbyssInstantChestDrops", "RelicAbyssInstantChestDrops\RelicAbyssInstantChestDrops.csproj", "{BB1ECF56-55B0-402C-8F31-E275CA9FD1CD}"
EndProject
Project("{FAE04EC0-301F-11D3-BF4B-00C04F79EFBC}") = "RelicAbyssMagnetPickupFix", "RelicAbyssMagnetPickupFix\RelicAbyssMagnetPickupFix.csproj", "{5FCB0322-799D-4F5C-8716-5E61723C41C6}"
EndProject
Project("{FAE04EC0-301F-11D3-BF4B-00C04F79EFBC}") = "RelicAbyssExpBuffIcon", "RelicAbyssExpBuffIcon\RelicAbyssExpBuffIcon.csproj", "{8EF30E47-8CA3-4691-BAF9-A49F4DCE5562}"
EndProject
Project("{FAE04EC0-301F-11D3-BF4B-00C04F79EFBC}") = "RelicAbyssInstantShrines", "RelicAbyssInstantShrines\RelicAbyssInstantShrines.csproj", "{99C9436A-BE3E-4334-87EF-FF3C0FD67C78}"
EndProject
Project("{FAE04EC0-301F-11D3-BF4B-00C04F79EFBC}") = "RelicAbyssAdvancementTextFix", "RelicAbyssAdvancementTextFix\RelicAbyssAdvancementTextFix.csproj", "{6BB0EE20-0A80-4652-9B94-EAAA196A2C61}"
EndProject
Project("{FAE04EC0-301F-11D3-BF4B-00C04F79EFBC}") = "RelicAbyssHubNoDashCooldown", "RelicAbyssHubNoDashCooldown\RelicAbyssHubNoDashCooldown.csproj", "{A710044A-888C-4C7C-A3C7-AB17BBBDBA7E}"
EndProject
Project("{FAE04EC0-301F-11D3-BF4B-00C04F79EFBC}") = "RelicAbyssChestStatue", "RelicAbyssChestStatue\RelicAbyssChestStatue.csproj", "{ECD7481B-9EFC-459D-A205-C3A13F70D3E9}"
EndProject
Project("{FAE04EC0-301F-11D3-BF4B-00C04F79EFBC}") = "RelicAbyssManualDroppedPickups", "RelicAbyssManualDroppedPickups\RelicAbyssManualDroppedPickups.csproj", "{F065AA50-6F9D-4A4B-B099-960E4FD3F68F}"
EndProject
Project("{FAE04EC0-301F-11D3-BF4B-00C04F79EFBC}") = "RelicAbyssLevelUpStatsFix", "RelicAbyssLevelUpStatsFix\RelicAbyssLevelUpStatsFix.csproj", "{9587DA4F-FC24-4E0F-90CA-7F919DE0DFDE}"
EndProject
Global
	GlobalSection(SolutionConfigurationPlatforms) = preSolution
		Debug|Any CPU = Debug|Any CPU
		Debug|x64 = Debug|x64
		Debug|x86 = Debug|x86
		Release|Any CPU = Release|Any CPU
		Release|x64 = Release|x64
		Release|x86 = Release|x86
	EndGlobalSection
	GlobalSection(ProjectConfigurationPlatforms) = postSolution
		{5B5F0335-FCBA-4A62-BE29-97599C4ACDA8}.Debug|Any CPU.ActiveCfg = Debug|Any CPU
		{5B5F0335-FCBA-4A62-BE29-97599C4ACDA8}.Debug|Any CPU.Build.0 = Debug|Any CPU
		{5B5F0335-FCBA-4A62-BE29-97599C4ACDA8}.Debug|x64.ActiveCfg = Debug|Any CPU
		{5B5F0335-FCBA-4A62-BE29-97599C4ACDA8}.Debug|x64.Build.0 = Debug|Any CPU
		{5B5F0335-FCBA-4A62-BE29-97599C4ACDA8}.Debug|x86.ActiveCfg = Debug|Any CPU
		{5B5F0335-FCBA-4A62-BE29-97599C4ACDA8}.Debug|x86.Build.0 = Debug|Any CPU
		{5B5F0335-FCBA-4A62-BE29-97599C4ACDA8}.Release|Any CPU.ActiveCfg = Release|Any CPU
		{5B5F0335-FCBA-4A62-BE29-97599C4ACDA8}.Release|Any CPU.Build.0 = Release|Any CPU
		{5B5F0335-FCBA-4A62-BE29-97599C4ACDA8}.Release|x64.ActiveCfg = Release|Any CPU
		{5B5F0335-FCBA-4A62-BE29-97599C4ACDA8}.Release|x64.Build.0 = Release|Any CPU
		{5B5F0335-FCBA-4A62-BE29-97599C4ACDA8}.Release|x86.ActiveCfg = Release|Any CPU
		{5B5F0335-FCBA-4A62-BE29-97599C4ACDA8}.Release|x86.Build.0 = Release|Any CPU
		{DF6DC98D-340F-4184-82E1-DFD6BC8F44B2}.Debug|Any CPU.ActiveCfg = Debug|Any CPU
		{DF6DC98D-340F-4184-82E1-DFD6BC8F44B2}.Debug|Any CPU.Build.0 = Debug|Any CPU
		{DF6DC98D-340F-4184-82E1-DFD6BC8F44B2}.Debug|x64.ActiveCfg = Debug|Any CPU
		{DF6DC98D-340F-4184-82E1-DFD6BC8F44B2}.Debug|x64.Build.0 = Debug|Any CPU
		{DF6DC98D-340F-4184-82E1-DFD6BC8F44B2}.Debug|x86.ActiveCfg = Debug|Any CPU
		{DF6DC98D-340F-4184-82E1-DFD6BC8F44B2}.Debug|x86.Build.0 = Debug|Any CPU
		{DF6DC98D-340F-4184-82E1-DFD6BC8F44B2}.Release|Any CPU.ActiveCfg = Release|Any CPU
		{DF6DC98D-340F-4184-82E1-DFD6BC8F44B2}.Release|Any CPU.Build.0 = Release|Any CPU
		{DF6DC98D-340F-4184-82E1-DFD6BC8F44B2}.Release|x64.ActiveCfg = Release|Any CPU
		{DF6DC98D-340F-4184-82E1-DFD6BC8F44B2}.Release|x64.Build.0 = Release|Any CPU
		{DF6DC98D-340F-4184-82E1-DFD6BC8F44B2}.Release|x86.ActiveCfg = Release|Any CPU
		{DF6DC98D-340F-4184-82E1-DFD6BC8F44B2}.Release|x86.Build.0 = Release|Any CPU
		{BB1ECF56-55B0-402C-8F31-E275CA9FD1CD}.Debug|Any CPU.ActiveCfg = Debug|Any CPU
		{BB1ECF56-55B0-402C-8F31-E275CA9FD1CD}.Debug|Any CPU.Build.0 = Debug|Any CPU
		{BB1ECF56-55B0-402C-8F31-E275CA9FD1CD}.Debug|x64.ActiveCfg = Debug|Any CPU
		{BB1ECF56-55B0-402C-8F31-E275CA9FD1CD}.Debug|x64.Build.0 = Debug|Any CPU
		{BB1ECF56-55B0-402C-8F31-E275CA9FD1CD}.Debug|x86.ActiveCfg = Debug|Any CPU
		{BB1ECF56-55B0-402C-8F31-E275CA9FD1CD}.Debug|x86.Build.0 = Debug|Any CPU
		{BB1ECF56-55B0-402C-8F31-E275CA9FD1CD}.Release|Any CPU.ActiveCfg = Release|Any CPU
		{BB1ECF56-55B0-402C-8F31-E275CA9FD1CD}.Release|Any CPU.Build.0 = Release|Any CPU
		{BB1ECF56-55B0-402C-8F31-E275CA9FD1CD}.Release|x64.ActiveCfg = Release|Any CPU
		{BB1ECF56-55B0-402C-8F31-E275CA9FD1CD}.Release|x64.Build.0 = Release|Any CPU
		{BB1ECF56-55B0-402C-8F31-E275CA9FD1CD}.Release|x86.ActiveCfg = Release|Any CPU
		{BB1ECF56-55B0-402C-8F31-E275CA9FD1CD}.Release|x86.Build.0 = Release|Any CPU
		{5FCB0322-799D-4F5C-8716-5E61723C41C6}.Debug|Any CPU.ActiveCfg = Debug|Any CPU
		{5FCB0322-799D-4F5C-8716-5E61723C41C6}.Debug|Any CPU.Build.0 = Debug|Any CPU
		{5FCB0322-799D-4F5C-8716-5E61723C41C6}.Debug|x64.ActiveCfg = Debug|Any CPU
		{5FCB0322-799D-4F5C-8716-5E61723C41C6}.Debug|x64.Build.0 = Debug|Any CPU
		{5FCB0322-799D-4F5C-8716-5E61723C41C6}.Debug|x86.ActiveCfg = Debug|Any CPU
		{5FCB0322-799D-4F5C-8716-5E61723C41C6}.Debug|x86.Build.0 = Debug|Any CPU
		{5FCB0322-799D-4F5C-8716-5E61723C41C6}.Release|Any CPU.ActiveCfg = Release|Any CPU
		{5FCB0322-799D-4F5C-8716-5E61723C41C6}.Release|Any CPU.Build.0 = Release|Any CPU
		{5FCB0322-799D-4F5C-8716-5E61723C41C6}.Release|x64.ActiveCfg = Release|Any CPU
		{5FCB0322-799D-4F5C-8716-5E61723C41C6}.Release|x64.Build.0 = Release|Any CPU
		{5FCB0322-799D-4F5C-8716-5E61723C41C6}.Release|x86.ActiveCfg = Release|Any CPU
		{5FCB0322-799D-4F5C-8716-5E61723C41C6}.Release|x86.Build.0 = Release|Any CPU
		{8EF30E47-8CA3-4691-BAF9-A49F4DCE5562}.Debug|Any CPU.ActiveCfg = Debug|Any CPU
		{8EF30E47-8CA3-4691-BAF9-A49F4DCE5562}.Debug|Any CPU.Build.0 = Debug|Any CPU
		{8EF30E47-8CA3-4691-BAF9-A49F4DCE5562}.Debug|x64.ActiveCfg = Debug|Any CPU
		{8EF30E47-8CA3-4691-BAF9-A49F4DCE5562}.Debug|x64.Build.0 = Debug|Any CPU
		{8EF30E47-8CA3-4691-BAF9-A49F4DCE5562}.Debug|x86.ActiveCfg = Debug|Any CPU
		{8EF30E47-8CA3-4691-BAF9-A49F4DCE5562}.Debug|x86.Build.0 = Debug|Any CPU
		{8EF30E47-8CA3-4691-BAF9-A49F4DCE5562}.Release|Any CPU.ActiveCfg = Release|Any CPU
		{8EF30E47-8CA3-4691-BAF9-A49F4DCE5562}.Release|Any CPU.Build.0 = Release|Any CPU
		{8EF30E47-8CA3-4691-BAF9-A49F4DCE5562}.Release|x64.ActiveCfg = Release|Any CPU
		{8EF30E47-8CA3-4691-BAF9-A49F4DCE5562}.Release|x64.Build.0 = Release|Any CPU
		{8EF30E47-8CA3-4691-BAF9-A49F4DCE5562}.Release|x86.ActiveCfg = Release|Any CPU
		{8EF30E47-8CA3-4691-BAF9-A49F4DCE5562}.Release|x86.Build.0 = Release|Any CPU
		{99C9436A-BE3E-4334-87EF-FF3C0FD67C78}.Debug|Any CPU.ActiveCfg = Debug|Any CPU
		{99C9436A-BE3E-4334-87EF-FF3C0FD67C78}.Debug|Any CPU.Build.0 = Debug|Any CPU
		{99C9436A-BE3E-4334-87EF-FF3C0FD67C78}.Debug|x64.ActiveCfg = Debug|Any CPU
		{99C9436A-BE3E-4334-87EF-FF3C0FD67C78}.Debug|x64.Build.0 = Debug|Any CPU
		{99C9436A-BE3E-4334-87EF-FF3C0FD67C78}.Debug|x86.ActiveCfg = Debug|Any CPU
		{99C9436A-BE3E-4334-87EF-FF3C0FD67C78}.Debug|x86.Build.0 = Debug|Any CPU
		{99C9436A-BE3E-4334-87EF-FF3C0FD67C78}.Release|Any CPU.ActiveCfg = Release|Any CPU
		{99C9436A-BE3E-4334-87EF-FF3C0FD67C78}.Release|Any CPU.Build.0 = Release|Any CPU
		{99C9436A-BE3E-4334-87EF-FF3C0FD67C78}.Release|x64.ActiveCfg = Release|Any CPU
		{99C9436A-BE3E-4334-87EF-FF3C0FD67C78}.Release|x64.Build.0 = Release|Any CPU
		{99C9436A-BE3E-4334-87EF-FF3C0FD67C78}.Release|x86.ActiveCfg = Release|Any CPU
		{99C9436A-BE3E-4334-87EF-FF3C0FD67C78}.Release|x86.Build.0 = Release|Any CPU
		{6BB0EE20-0A80-4652-9B94-EAAA196A2C61}.Debug|Any CPU.ActiveCfg = Debug|Any CPU
		{6BB0EE20-0A80-4652-9B94-EAAA196A2C61}.Debug|Any CPU.Build.0 = Debug|Any CPU
		{6BB0EE20-0A80-4652-9B94-EAAA196A2C61}.Debug|x64.ActiveCfg = Debug|Any CPU
		{6BB0EE20-0A80-4652-9B94-EAAA196A2C61}.Debug|x64.Build.0 = Debug|Any CPU
		{6BB0EE20-0A80-4652-9B94-EAAA196A2C61}.Debug|x86.ActiveCfg = Debug|Any CPU
		{6BB0EE20-0A80-4652-9B94-EAAA196A2C61}.Debug|x86.Build.0 = Debug|Any CPU
		{6BB0EE20-0A80-4652-9B94-EAAA196A2C61}.Release|Any CPU.ActiveCfg = Release|Any CPU
		{6BB0EE20-0A80-4652-9B94-EAAA196A2C61}.Release|Any CPU.Build.0 = Release|Any CPU
		{6BB0EE20-0A80-4652-9B94-EAAA196A2C61}.Release|x64.ActiveCfg = Release|Any CPU
		{6BB0EE20-0A80-4652-9B94-EAAA196A2C61}.Release|x64.Build.0 = Release|Any CPU
		{6BB0EE20-0A80-4652-9B94-EAAA196A2C61}.Release|x86.ActiveCfg = Release|Any CPU
		{6BB0EE20-0A80-4652-9B94-EAAA196A2C61}.Release|x86.Build.0 = Release|Any CPU
		{A710044A-888C-4C7C-A3C7-AB17BBBDBA7E}.Debug|Any CPU.ActiveCfg = Debug|Any CPU
		{A710044A-888C-4C7C-A3C7-AB17BBBDBA7E}.Debug|Any CPU.Build.0 = Debug|Any CPU
		{A710044A-888C-4C7C-A3C7-AB17BBBDBA7E}.Debug|x64.ActiveCfg = Debug|Any CPU
		{A710044A-888C-4C7C-A3C7-AB17BBBDBA7E}.Debug|x64.Build.0 = Debug|Any CPU
		{A710044A-888C-4C7C-A3C7-AB17BBBDBA7E}.Debug|x86.ActiveCfg = Debug|Any CPU
		{A710044A-888C-4C7C-A3C7-AB17BBBDBA7E}.Debug|x86.Build.0 = Debug|Any CPU
		{A710044A-888C-4C7C-A3C7-AB17BBBDBA7E}.Release|Any CPU.ActiveCfg = Release|Any CPU
		{A710044A-888C-4C7C-A3C7-AB17BBBDBA7E}.Release|Any CPU.Build.0 = Release|Any CPU
		{A710044A-888C-4C7C-A3C7-AB17BBBDBA7E}.Release|x64.ActiveCfg = Release|Any CPU
		{A710044A-888C-4C7C-A3C7-AB17BBBDBA7E}.Release|x64.Build.0 = Release|Any CPU
		{A710044A-888C-4C7C-A3C7-AB17BBBDBA7E}.Release|x86.ActiveCfg = Release|Any CPU
		{A710044A-888C-4C7C-A3C7-AB17BBBDBA7E}.Release|x86.Build.0 = Release|Any CPU
		{ECD7481B-9EFC-459D-A205-C3A13F70D3E9}.Debug|Any CPU.ActiveCfg = Debug|Any CPU
		{ECD7481B-9EFC-459D-A205-C3A13F70D3E9}.Debug|Any CPU.Build.0 = Debug|Any CPU
		{ECD7481B-9EFC-459D-A205-C3A13F70D3E9}.Debug|x64.ActiveCfg = Debug|Any CPU
		{ECD7481B-9EFC-459D-A205-C3A13F70D3E9}.Debug|x64.Build.0 = Debug|Any CPU
		{ECD7481B-9EFC-459D-A205-C3A13F70D3E9}.Debug|x86.ActiveCfg = Debug|Any CPU
		{ECD7481B-9EFC-459D-A205-C3A13F70D3E9}.Debug|x86.Build.0 = Debug|Any CPU
		{ECD7481B-9EFC-459D-A205-C3A13F70D3E9}.Release|Any CPU.ActiveCfg = Release|Any CPU
		{ECD7481B-9EFC-459D-A205-C3A13F70D3E9}.Release|Any CPU.Build.0 = Release|Any CPU
		{ECD7481B-9EFC-459D-A205-C3A13F70D3E9}.Release|x64.ActiveCfg = Release|Any CPU
		{ECD7481B-9EFC-459D-A205-C3A13F70D3E9}.Release|x64.Build.0 = Release|Any CPU
		{ECD7481B-9EFC-459D-A205-C3A13F70D3E9}.Release|x86.ActiveCfg = Release|Any CPU
		{ECD7481B-9EFC-459D-A205-C3A13F70D3E9}.Release|x86.Build.0 = Release|Any CPU
		{F065AA50-6F9D-4A4B-B099-960E4FD3F68F}.Debug|Any CPU.ActiveCfg = Debug|Any CPU
		{F065AA50-6F9D-4A4B-B099-960E4FD3F68F}.Debug|Any CPU.Build.0 = Debug|Any CPU
		{F065AA50-6F9D-4A4B-B099-960E4FD3F68F}.Debug|x64.ActiveCfg = Debug|Any CPU
		{F065AA50-6F9D-4A4B-B099-960E4FD3F68F}.Debug|x64.Build.0 = Debug|Any CPU
		{F065AA50-6F9D-4A4B-B099-960E4FD3F68F}.Debug|x86.ActiveCfg = Debug|Any CPU
		{F065AA50-6F9D-4A4B-B099-960E4FD3F68F}.Debug|x86.Build.0 = Debug|Any CPU
		{F065AA50-6F9D-4A4B-B099-960E4FD3F68F}.Release|Any CPU.ActiveCfg = Release|Any CPU
		{F065AA50-6F9D-4A4B-B099-960E4FD3F68F}.Release|Any CPU.Build.0 = Release|Any CPU
		{F065AA50-6F9D-4A4B-B099-960E4FD3F68F}.Release|x64.ActiveCfg = Release|Any CPU
		{F065AA50-6F9D-4A4B-B099-960E4FD3F68F}.Release|x64.Build.0 = Release|Any CPU
		{F065AA50-6F9D-4A4B-B099-960E4FD3F68F}.Release|x86.ActiveCfg = Release|Any CPU
		{F065AA50-6F9D-4A4B-B099-960E4FD3F68F}.Release|x86.Build.0 = Release|Any CPU
		{9587DA4F-FC24-4E0F-90CA-7F919DE0DFDE}.Debug|Any CPU.ActiveCfg = Debug|Any CPU
		{9587DA4F-FC24-4E0F-90CA-7F919DE0DFDE}.Debug|Any CPU.Build.0 = Debug|Any CPU
		{9587DA4F-FC24-4E0F-90CA-7F919DE0DFDE}.Debug|x64.ActiveCfg = Debug|Any CPU
		{9587DA4F-FC24-4E0F-90CA-7F919DE0DFDE}.Debug|x64.Build.0 = Debug|Any CPU
		{9587DA4F-FC24-4E0F-90CA-7F919DE0DFDE}.Debug|x86.ActiveCfg = Debug|Any CPU
		{9587DA4F-FC24-4E0F-90CA-7F919DE0DFDE}.Debug|x86.Build.0 = Debug|Any CPU
		{9587DA4F-FC24-4E0F-90CA-7F919DE0DFDE}.Release|Any CPU.ActiveCfg = Release|Any CPU
		{9587DA4F-FC24-4E0F-90CA-7F919DE0DFDE}.Release|Any CPU.Build.0 = Release|Any CPU
		{9587DA4F-FC24-4E0F-90CA-7F919DE0DFDE}.Release|x64.ActiveCfg = Release|Any CPU
		{9587DA4F-FC24-4E0F-90CA-7F919DE0DFDE}.Release|x64.Build.0 = Release|Any CPU
		{9587DA4F-FC24-4E0F-90CA-7F919DE0DFDE}.Release|x86.ActiveCfg = Release|Any CPU
		{9587DA4F-FC24-4E0F-90CA-7F919DE0DFDE}.Release|x86.Build.0 = Release|Any CPU
	EndGlobalSection
	GlobalSection(SolutionProperties) = preSolution
		HideSolutionNode = FALSE
	EndGlobalSection
EndGlobal
